# THIS IS AN AUTOGENERATED FILE. DO NOT EDIT THIS FILE DIRECTLY.
# yarn lockfile v1


egg-cool-router@^1.2.8:
  version "1.2.8"
  resolved "https://registry.npm.taobao.org/egg-cool-router/download/egg-cool-router-1.2.8.tgz?cache=0&sync_timestamp=1577772274547&other_urls=https%3A%2F%2Fregistry.npm.taobao.org%2Fegg-cool-router%2Fdownload%2Fegg-cool-router-1.2.8.tgz#032049f070abbdab5f302fc90089dfc311de25b4"
  integrity sha1-AyBJ8HCrvatfMC/JAInfwxHeJbQ=
